
Microsoft Visual Studio Solution File, Format Version 12.00
# Visual Studio Version 16
VisualStudioVersion = 16.0.31402.337
MinimumVisualStudioVersion = 10.0.40219.1
Project("{FAE04EC0-301F-11D3-BF4B-00C04F79EFBC}") = "ConstructionTime", "ConstructionTime\ConstructionTime.csproj", "{87834F9A-53A4-4851-86C0-9CB40DF6FF22}"
EndProject
Global
	GlobalSection(SolutionConfigurationPlatforms) = preSolution
		Debug|Any CPU = Debug|Any CPU
		Release|Any CPU = Release|Any CPU
	EndGlobalSection
	GlobalSection(ProjectConfigurationPlatforms) = postSolution
		{87834F9A-53A4-4851-86C0-9CB40DF6FF22}.Debug|Any CPU.ActiveCfg = Debug|Any CPU
		{87834F9A-53A4-4851-86C0-9CB40DF6FF22}.Debug|Any CPU.Build.0 = Debug|Any CPU
		{87834F9A-53A4-4851-86C0-9CB40DF6FF22}.Release|Any CPU.ActiveCfg = Release|Any CPU
		{87834F9A-53A4-4851-86C0-9CB40DF6FF22}.Release|Any CPU.Build.0 = Release|Any CPU
	EndGlobalSection
	GlobalSection(SolutionProperties) = preSolution
		HideSolutionNode = FALSE
	EndGlobalSection
	GlobalSection(ExtensibilityGlobals) = postSolution
		SolutionGuid = {6E711A1D-983C-4D79-A4A7-91B31FCA60F0}
	EndGlobalSection
EndGlobal
